%{"amnesia": {:git, "git://github.com/uriagassi/amnesia.git", "ae155bebfd95fb1650d8c1731c1c243027d9a7a7", []},
  "conform": {:package, "0.4.0"},
  "continuum": {:git, "git://github.com/d0rc/continuum.git", "7bcefc5deb62cc1d978da4b8b0232d4170e6b6ef", []},
  "cowboy": {:git, "git://github.com/extend/cowboy.git", "05024529679d1d0203b8dcd6e2932cc2a526d370", [ref: "05024529679d1d0203b8dcd6e2932cc2a526d370"]},
  "cowlib": {:git, "git://github.com/extend/cowlib.git", "f58340a0044856bb508df03cfe94cf79308380a2", [ref: "0.6.1"]},
  "datastructures": {:git, "git://github.com/TanYewWei/elixir-datastructures.git", "956ff90617cbc753f7c0bcc667d8570875c2fa35", []},
  "erlcloud": {:git, "git://github.com/gleber/erlcloud.git", "bdd6d9b80d278610cbdf2924f9b918a36e2ba6f5", []},
  "ex_conf": {:package, "0.1.1"},
  "exquisite": {:git, "git://github.com/meh/exquisite.git", "8b1420260178fdf50a21a9b020253719b0b373ff", [tag: "8b1420260178fdf50a21a9b020253719b0b373ff"]},
  "exrm": {:package, "0.8.1"},
  "inflex": {:package, "0.2.0"},
  "jazz": {:git, "git://github.com/meh/jazz.git", "7af3b74e58eb1a3fc6b9874a2077efa420f6dfcc", [ref: "7af3b74e58eb1a3fc6b9874a2077efa420f6dfcc"]},
  "json": {:git, "git://github.com/cblage/elixir-json.git", "50a6db540c299bed67ad28069f4bb5ba81b9232b", []},
  "jsx": {:git, "git://github.com/talentdeficit/jsx.git", "507fa4c41db33c81e925ab53f4d789d234aaff2f", [ref: "master"]},
  "lhttpc": {:git, "git://github.com/talko/lhttpc", "2d01a5f9c7543b77bdd57f44c92e72801f46e423", [ref: "master"]},
  "meck": {:git, "https://github.com/eproxus/meck.git", "2eb19524a0cf33a0fc67fed766679c93d363ceee", [ref: "master"]},
  "phoenix": {:package, "0.2.4"},
  "plug": {:package, "0.4.3"},
  "ranch": {:git, "git://github.com/extend/ranch.git", "5df1f222f94e08abdcab7084f5e13027143cc222", [ref: "0.9.0"]}}
